
Microsoft Visual Studio Solution File, Format Version 12.00
# Visual Studio Version 16
VisualStudioVersion = 16.0.31321.278
MinimumVisualStudioVersion = 10.0.40219.1
Project("{FAE04EC0-301F-11D3-BF4B-00C04F79EFBC}") = "BooksApp.Domain", "BooksApp.Domain\BooksApp.Domain.csproj", "{6129D8E6-FE18-413B-BAE5-FF83DD1F4B99}"
EndProject
Project("{FAE04EC0-301F-11D3-BF4B-00C04F79EFBC}") = "BooksApp.Data", "BooksApp.Data\BooksApp.Data.csproj", "{B49A6C76-EB73-475D-A60B-8D7B21726D0B}"
EndProject
Project("{FAE04EC0-301F-11D3-BF4B-00C04F79EFBC}") = "ConsoleApp", "ConsoleApp\ConsoleApp.csproj", "{F50E7D07-C170-477D-A0CF-1267348C64DB}"
EndProject
Global
	GlobalSection(SolutionConfigurationPlatforms) = preSolution
		Debug|Any CPU = Debug|Any CPU
		Release|Any CPU = Release|Any CPU
	EndGlobalSection
	GlobalSection(ProjectConfigurationPlatforms) = postSolution
		{6129D8E6-FE18-413B-BAE5-FF83DD1F4B99}.Debug|Any CPU.ActiveCfg = Debug|Any CPU
		{6129D8E6-FE18-413B-BAE5-FF83DD1F4B99}.Debug|Any CPU.Build.0 = Debug|Any CPU
		{6129D8E6-FE18-413B-BAE5-FF83DD1F4B99}.Release|Any CPU.ActiveCfg = Release|Any CPU
		{6129D8E6-FE18-413B-BAE5-FF83DD1F4B99}.Release|Any CPU.Build.0 = Release|Any CPU
		{B49A6C76-EB73-475D-A60B-8D7B21726D0B}.Debug|Any CPU.ActiveCfg = Debug|Any CPU
		{B49A6C76-EB73-475D-A60B-8D7B21726D0B}.Debug|Any CPU.Build.0 = Debug|Any CPU
		{B49A6C76-EB73-475D-A60B-8D7B21726D0B}.Release|Any CPU.ActiveCfg = Release|Any CPU
		{B49A6C76-EB73-475D-A60B-8D7B21726D0B}.Release|Any CPU.Build.0 = Release|Any CPU
		{F50E7D07-C170-477D-A0CF-1267348C64DB}.Debug|Any CPU.ActiveCfg = Debug|Any CPU
		{F50E7D07-C170-477D-A0CF-1267348C64DB}.Debug|Any CPU.Build.0 = Debug|Any CPU
		{F50E7D07-C170-477D-A0CF-1267348C64DB}.Release|Any CPU.ActiveCfg = Release|Any CPU
		{F50E7D07-C170-477D-A0CF-1267348C64DB}.Release|Any CPU.Build.0 = Release|Any CPU
	EndGlobalSection
	GlobalSection(SolutionProperties) = preSolution
		HideSolutionNode = FALSE
	EndGlobalSection
	GlobalSection(ExtensibilityGlobals) = postSolution
		SolutionGuid = {8B0E99A9-3326-4B3F-9592-935B0E8283AA}
	EndGlobalSection
EndGlobal
